// !$*UTF8*$!
{
	archiveVersion = 1;
	classes = {
	};
	objectVersion = 46;
	objects = {

/* Begin PBXBuildFile section */
		DCBF861914EF9C17003410CC /* Foundation.framework in Frameworks */ = {isa = PBXBuildFile; fileRef = DCBF861814EF9C17003410CC /* Foundation.framework */; };
		DCBF861B14EF9C17003410CC /* UIKit.framework in Frameworks */ = {isa = PBXBuildFile; fileRef = DCBF861A14EF9C17003410CC /* UIKit.framework */; };
		DCBF861D14EF9C17003410CC /* CoreGraphics.framework in Frameworks */ = {isa = PBXBuildFile; fileRef = DCBF861C14EF9C17003410CC /* CoreGraphics.framework */; };
		DCBF861F14EF9C17003410CC /* AddressBook.framework in Frameworks */ = {isa = PBXBuildFile; fileRef = DCBF861E14EF9C17003410CC /* AddressBook.framework */; };
		DCBF862114EF9C17003410CC /* AddressBookUI.framework in Frameworks */ = {isa = PBXBuildFile; fileRef = DCBF862014EF9C17003410CC /* AddressBookUI.framework */; };
		DCBF862314EF9C17003410CC /* AudioToolbox.framework in Frameworks */ = {isa = PBXBuildFile; fileRef = DCBF862214EF9C17003410CC /* AudioToolbox.framework */; };
		DCBF862514EF9C17003410CC /* AVFoundation.framework in Frameworks */ = {isa = PBXBuildFile; fileRef = DCBF862414EF9C17003410CC /* AVFoundation.framework */; };
		DCBF862714EF9C17003410CC /* CoreLocation.framework in Frameworks */ = {isa = PBXBuildFile; fileRef = DCBF862614EF9C17003410CC /* CoreLocation.framework */; };
		DCBF862914EF9C17003410CC /* MediaPlayer.framework in Frameworks */ = {isa = PBXBuildFile; fileRef = DCBF862814EF9C17003410CC /* MediaPlayer.framework */; };
		DCBF862B14EF9C17003410CC /* QuartzCore.framework in Frameworks */ = {isa = PBXBuildFile; fileRef = DCBF862A14EF9C17003410CC /* QuartzCore.framework */; };
		DCBF862D14EF9C17003410CC /* SystemConfiguration.framework in Frameworks */ = {isa = PBXBuildFile; fileRef = DCBF862C14EF9C17003410CC /* SystemConfiguration.framework */; };
		DCBF862F14EF9C17003410CC /* MobileCoreServices.framework in Frameworks */ = {isa = PBXBuildFile; fileRef = DCBF862E14EF9C17003410CC /* MobileCoreServices.framework */; };
		DCBF863114EF9C17003410CC /* CoreMedia.framework in Frameworks */ = {isa = PBXBuildFile; fileRef = DCBF863014EF9C17003410CC /* CoreMedia.framework */; };
		DCBF863714EF9C17003410CC /* InfoPlist.strings in Resources */ = {isa = PBXBuildFile; fileRef = DCBF863514EF9C17003410CC /* InfoPlist.strings */; };
		DCBF863914EF9C17003410CC /* main.m in Sources */ = {isa = PBXBuildFile; fileRef = DCBF863814EF9C17003410CC /* main.m */; };
		DCBF863C14EF9C17003410CC /* PhoneGap.framework in Frameworks */ = {isa = PBXBuildFile; fileRef = DCBF863B14EF9C17003410CC /* PhoneGap.framework */; };
		DCBF864114EF9C17003410CC /* Localizable.strings in Resources */ = {isa = PBXBuildFile; fileRef = DCBF863F14EF9C17003410CC /* Localizable.strings */; };
		DCBF864514EF9C17003410CC /* Localizable.strings in Resources */ = {isa = PBXBuildFile; fileRef = DCBF864314EF9C17003410CC /* Localizable.strings */; };
		DCBF864F14EF9C17003410CC /* Default.png in Resources */ = {isa = PBXBuildFile; fileRef = DCBF864E14EF9C17003410CC /* Default.png */; };
		DCBF865114EF9C17003410CC /* Default@2x.png in Resources */ = {isa = PBXBuildFile; fileRef = DCBF865014EF9C17003410CC /* Default@2x.png */; };
		DCBF865314EF9C17003410CC /* Capture.bundle in Resources */ = {isa = PBXBuildFile; fileRef = DCBF865214EF9C17003410CC /* Capture.bundle */; };
		DCBF865514EF9C17003410CC /* PhoneGap.plist in Resources */ = {isa = PBXBuildFile; fileRef = DCBF865414EF9C17003410CC /* PhoneGap.plist */; };
		DCBF865914EF9C17003410CC /* AppDelegate.m in Sources */ = {isa = PBXBuildFile; fileRef = DCBF865814EF9C17003410CC /* AppDelegate.m */; };
		DCBF865C14EF9C17003410CC /* MainViewController.m in Sources */ = {isa = PBXBuildFile; fileRef = DCBF865B14EF9C17003410CC /* MainViewController.m */; };
		DCBF865E14EF9C17003410CC /* MainViewController.xib in Resources */ = {isa = PBXBuildFile; fileRef = DCBF865D14EF9C17003410CC /* MainViewController.xib */; };
		DCBF866E14EF9EAB003410CC /* www in Resources */ = {isa = PBXBuildFile; fileRef = DCBF866D14EF9EAB003410CC /* www */; };
		DCBF867214EFACCB003410CC /* icon.png in Resources */ = {isa = PBXBuildFile; fileRef = DCBF866F14EFACCB003410CC /* icon.png */; };
		DCBF867314EFACCB003410CC /* icon-72.png in Resources */ = {isa = PBXBuildFile; fileRef = DCBF867014EFACCB003410CC /* icon-72.png */; };
		DCBF867414EFACCB003410CC /* icon@2x.png in Resources */ = {isa = PBXBuildFile; fileRef = DCBF867114EFACCB003410CC /* icon@2x.png */; };
/* End PBXBuildFile section */

/* Begin PBXFileReference section */
		DCBF861414EF9C17003410CC /* Voxxrin.app */ = {isa = PBXFileReference; explicitFileType = wrapper.application; includeInIndex = 0; path = Voxxrin.app; sourceTree = BUILT_PRODUCTS_DIR; };
		DCBF861814EF9C17003410CC /* Foundation.framework */ = {isa = PBXFileReference; lastKnownFileType = wrapper.framework; name = Foundation.framework; path = System/Library/Frameworks/Foundation.framework; sourceTree = SDKROOT; };
		DCBF861A14EF9C17003410CC /* UIKit.framework */ = {isa = PBXFileReference; lastKnownFileType = wrapper.framework; name = UIKit.framework; path = System/Library/Frameworks/UIKit.framework; sourceTree = SDKROOT; };
		DCBF861C14EF9C17003410CC /* CoreGraphics.framework */ = {isa = PBXFileReference; lastKnownFileType = wrapper.framework; name = CoreGraphics.framework; path = System/Library/Frameworks/CoreGraphics.framework; sourceTree = SDKROOT; };
		DCBF861E14EF9C17003410CC /* AddressBook.framework */ = {isa = PBXFileReference; lastKnownFileType = wrapper.framework; name = AddressBook.framework; path = System/Library/Frameworks/AddressBook.framework; sourceTree = SDKROOT; };
		DCBF862014EF9C17003410CC /* AddressBookUI.framework */ = {isa = PBXFileReference; lastKnownFileType = wrapper.framework; name = AddressBookUI.framework; path = System/Library/Frameworks/AddressBookUI.framework; sourceTree = SDKROOT; };
		DCBF862214EF9C17003410CC /* AudioToolbox.framework */ = {isa = PBXFileReference; lastKnownFileType = wrapper.framework; name = AudioToolbox.framework; path = System/Library/Frameworks/AudioToolbox.framework; sourceTree = SDKROOT; };
		DCBF862414EF9C17003410CC /* AVFoundation.framework */ = {isa = PBXFileReference; lastKnownFileType = wrapper.framework; name = AVFoundation.framework; path = System/Library/Frameworks/AVFoundation.framework; sourceTree = SDKROOT; };
		DCBF862614EF9C17003410CC /* CoreLocation.framework */ = {isa = PBXFileReference; lastKnownFileType = wrapper.framework; name = CoreLocation.framework; path = System/Library/Frameworks/CoreLocation.framework; sourceTree = SDKROOT; };
		DCBF862814EF9C17003410CC /* MediaPlayer.framework */ = {isa = PBXFileReference; lastKnownFileType = wrapper.framework; name = MediaPlayer.framework; path = System/Library/Frameworks/MediaPlayer.framework; sourceTree = SDKROOT; };
		DCBF862A14EF9C17003410CC /* QuartzCore.framework */ = {isa = PBXFileReference; lastKnownFileType = wrapper.framework; name = QuartzCore.framework; path = System/Library/Frameworks/QuartzCore.framework; sourceTree = SDKROOT; };
		DCBF862C14EF9C17003410CC /* SystemConfiguration.framework */ = {isa = PBXFileReference; lastKnownFileType = wrapper.framework; name = SystemConfiguration.framework; path = System/Library/Frameworks/SystemConfiguration.framework; sourceTree = SDKROOT; };
		DCBF862E14EF9C17003410CC /* MobileCoreServices.framework */ = {isa = PBXFileReference; lastKnownFileType = wrapper.framework; name = MobileCoreServices.framework; path = System/Library/Frameworks/MobileCoreServices.framework; sourceTree = SDKROOT; };
		DCBF863014EF9C17003410CC /* CoreMedia.framework */ = {isa = PBXFileReference; lastKnownFileType = wrapper.framework; name = CoreMedia.framework; path = System/Library/Frameworks/CoreMedia.framework; sourceTree = SDKROOT; };
		DCBF863414EF9C17003410CC /* Voxxrin-Info.plist */ = {isa = PBXFileReference; lastKnownFileType = text.plist.xml; path = "Voxxrin-Info.plist"; sourceTree = "<group>"; };
		DCBF863614EF9C17003410CC /* en */ = {isa = PBXFileReference; lastKnownFileType = text.plist.strings; name = en; path = en.lproj/InfoPlist.strings; sourceTree = "<group>"; };
		DCBF863814EF9C17003410CC /* main.m */ = {isa = PBXFileReference; lastKnownFileType = sourcecode.c.objc; path = main.m; sourceTree = "<group>"; };
		DCBF863A14EF9C17003410CC /* Voxxrin-Prefix.pch */ = {isa = PBXFileReference; lastKnownFileType = sourcecode.c.h; path = "Voxxrin-Prefix.pch"; sourceTree = "<group>"; };
		DCBF863B14EF9C17003410CC /* PhoneGap.framework */ = {isa = PBXFileReference; lastKnownFileType = wrapper.framework; name = PhoneGap.framework; path = /Users/Shared/PhoneGap/Frameworks/PhoneGap.framework; sourceTree = "<absolute>"; };
		DCBF864014EF9C17003410CC /* en */ = {isa = PBXFileReference; lastKnownFileType = text.plist.strings; name = en; path = Resources/en.lproj/Localizable.strings; sourceTree = "<group>"; };
		DCBF864414EF9C17003410CC /* es */ = {isa = PBXFileReference; lastKnownFileType = text.plist.strings; name = es; path = Resources/es.lproj/Localizable.strings; sourceTree = "<group>"; };
		DCBF864E14EF9C17003410CC /* Default.png */ = {isa = PBXFileReference; lastKnownFileType = image.png; name = Default.png; path = Resources/splash/Default.png; sourceTree = "<group>"; };
		DCBF865014EF9C17003410CC /* Default@2x.png */ = {isa = PBXFileReference; lastKnownFileType = image.png; name = "Default@2x.png"; path = "Resources/splash/Default@2x.png"; sourceTree = "<group>"; };
		DCBF865214EF9C17003410CC /* Capture.bundle */ = {isa = PBXFileReference; lastKnownFileType = "wrapper.plug-in"; name = Capture.bundle; path = Resources/Capture.bundle; sourceTree = "<group>"; };
		DCBF865414EF9C17003410CC /* PhoneGap.plist */ = {isa = PBXFileReference; lastKnownFileType = text.plist.xml; path = PhoneGap.plist; sourceTree = "<group>"; };
		DCBF865714EF9C17003410CC /* AppDelegate.h */ = {isa = PBXFileReference; lastKnownFileType = sourcecode.c.h; name = AppDelegate.h; path = Classes/AppDelegate.h; sourceTree = "<group>"; };
		DCBF865814EF9C17003410CC /* AppDelegate.m */ = {isa = PBXFileReference; lastKnownFileType = sourcecode.c.objc; name = AppDelegate.m; path = Classes/AppDelegate.m; sourceTree = "<group>"; };
		DCBF865A14EF9C17003410CC /* MainViewController.h */ = {isa = PBXFileReference; lastKnownFileType = sourcecode.c.h; name = MainViewController.h; path = Classes/MainViewController.h; sourceTree = "<group>"; };
		DCBF865B14EF9C17003410CC /* MainViewController.m */ = {isa = PBXFileReference; lastKnownFileType = sourcecode.c.objc; name = MainViewController.m; path = Classes/MainViewController.m; sourceTree = "<group>"; };
		DCBF865D14EF9C17003410CC /* MainViewController.xib */ = {isa = PBXFileReference; lastKnownFileType = file.xib; name = MainViewController.xib; path = Classes/MainViewController.xib; sourceTree = "<group>"; };
		DCBF866014EF9C17003410CC /* README */ = {isa = PBXFileReference; lastKnownFileType = text; name = README; path = Plugins/README; sourceTree = "<group>"; };
		DCBF866D14EF9EAB003410CC /* www */ = {isa = PBXFileReference; lastKnownFileType = folder; name = www; path = "../../voxxr-droid/assets/www"; sourceTree = "<group>"; };
		DCBF866F14EFACCB003410CC /* icon.png */ = {isa = PBXFileReference; lastKnownFileType = image.png; name = icon.png; path = ../../../design/icon.png; sourceTree = "<group>"; };
		DCBF867014EFACCB003410CC /* icon-72.png */ = {isa = PBXFileReference; lastKnownFileType = image.png; name = "icon-72.png"; path = "../../../design/icon-72.png"; sourceTree = "<group>"; };
		DCBF867114EFACCB003410CC /* icon@2x.png */ = {isa = PBXFileReference; lastKnownFileType = image.png; name = "icon@2x.png"; path = "../../../design/icon@2x.png"; sourceTree = "<group>"; };
/* End PBXFileReference section */

/* Begin PBXFrameworksBuildPhase section */
		DCBF860E14EF9C17003410CC /* Frameworks */ = {
			isa = PBXFrameworksBuildPhase;
			buildActionMask = 2147483647;
			files = (
				DCBF861914EF9C17003410CC /* Foundation.framework in Frameworks */,
				DCBF861B14EF9C17003410CC /* UIKit.framework in Frameworks */,
				DCBF861D14EF9C17003410CC /* CoreGraphics.framework in Frameworks */,
				DCBF861F14EF9C17003410CC /* AddressBook.framework in Frameworks */,
				DCBF862114EF9C17003410CC /* AddressBookUI.framework in Frameworks */,
				DCBF862314EF9C17003410CC /* AudioToolbox.framework in Frameworks */,
				DCBF862514EF9C17003410CC /* AVFoundation.framework in Frameworks */,
				DCBF862714EF9C17003410CC /* CoreLocation.framework in Frameworks */,
				DCBF862914EF9C17003410CC /* MediaPlayer.framework in Frameworks */,
				DCBF862B14EF9C17003410CC /* QuartzCore.framework in Frameworks */,
				DCBF862D14EF9C17003410CC /* SystemConfiguration.framework in Frameworks */,
				DCBF862F14EF9C17003410CC /* MobileCoreServices.framework in Frameworks */,
				DCBF863114EF9C17003410CC /* CoreMedia.framework in Frameworks */,
				DCBF863C14EF9C17003410CC /* PhoneGap.framework in Frameworks */,
			);
			runOnlyForDeploymentPostprocessing = 0;
		};
		DCBF861114EF9C17003410CC /* Frameworks */ = {
			isa = PBXFrameworksBuildPhase;
			buildActionMask = 2147483647;
			files = (
			);
			runOnlyForDeploymentPostprocessing = 0;
		};
/* End PBXFrameworksBuildPhase section */

/* Begin PBXGroup section */
		DCBF860614EF9C17003410CC = {
			isa = PBXGroup;
			children = (
				DCBF866D14EF9EAB003410CC /* www */,
				DCBF863214EF9C17003410CC /* Voxxrin */,
				DCBF861714EF9C17003410CC /* Frameworks */,
				DCBF861514EF9C17003410CC /* Products */,
			);
			sourceTree = "<group>";
		};
		DCBF861514EF9C17003410CC /* Products */ = {
			isa = PBXGroup;
			children = (
				DCBF861414EF9C17003410CC /* Voxxrin.app */,
			);
			name = Products;
			sourceTree = "<group>";
		};
		DCBF861714EF9C17003410CC /* Frameworks */ = {
			isa = PBXGroup;
			children = (
				DCBF861814EF9C17003410CC /* Foundation.framework */,
				DCBF861A14EF9C17003410CC /* UIKit.framework */,
				DCBF861C14EF9C17003410CC /* CoreGraphics.framework */,
				DCBF861E14EF9C17003410CC /* AddressBook.framework */,
				DCBF862014EF9C17003410CC /* AddressBookUI.framework */,
				DCBF862214EF9C17003410CC /* AudioToolbox.framework */,
				DCBF862414EF9C17003410CC /* AVFoundation.framework */,
				DCBF862614EF9C17003410CC /* CoreLocation.framework */,
				DCBF862814EF9C17003410CC /* MediaPlayer.framework */,
				DCBF862A14EF9C17003410CC /* QuartzCore.framework */,
				DCBF862C14EF9C17003410CC /* SystemConfiguration.framework */,
				DCBF862E14EF9C17003410CC /* MobileCoreServices.framework */,
				DCBF863014EF9C17003410CC /* CoreMedia.framework */,
			);
			name = Frameworks;
			sourceTree = "<group>";
		};
		DCBF863214EF9C17003410CC /* Voxxrin */ = {
			isa = PBXGroup;
			children = (
				DCBF863B14EF9C17003410CC /* PhoneGap.framework */,
				DCBF863D14EF9C17003410CC /* Resources */,
				DCBF865614EF9C17003410CC /* Classes */,
				DCBF865F14EF9C17003410CC /* Plugins */,
				DCBF863314EF9C17003410CC /* Supporting Files */,
			);
			path = Voxxrin;
			sourceTree = "<group>";
		};
		DCBF863314EF9C17003410CC /* Supporting Files */ = {
			isa = PBXGroup;
			children = (
				DCBF863414EF9C17003410CC /* Voxxrin-Info.plist */,
				DCBF863514EF9C17003410CC /* InfoPlist.strings */,
				DCBF863814EF9C17003410CC /* main.m */,
				DCBF863A14EF9C17003410CC /* Voxxrin-Prefix.pch */,
				DCBF865414EF9C17003410CC /* PhoneGap.plist */,
				DCBF865D14EF9C17003410CC /* MainViewController.xib */,
			);
			name = "Supporting Files";
			sourceTree = "<group>";
		};
		DCBF863D14EF9C17003410CC /* Resources */ = {
			isa = PBXGroup;
			children = (
				DCBF865214EF9C17003410CC /* Capture.bundle */,
				DCBF863E14EF9C17003410CC /* en.lproj */,
				DCBF864214EF9C17003410CC /* es.lproj */,
				DCBF864614EF9C17003410CC /* icons */,
				DCBF864D14EF9C17003410CC /* splash */,
			);
			name = Resources;
			sourceTree = "<group>";
		};
		DCBF863E14EF9C17003410CC /* en.lproj */ = {
			isa = PBXGroup;
			children = (
				DCBF863F14EF9C17003410CC /* Localizable.strings */,
			);
			name = en.lproj;
			sourceTree = "<group>";
		};
		DCBF864214EF9C17003410CC /* es.lproj */ = {
			isa = PBXGroup;
			children = (
				DCBF864314EF9C17003410CC /* Localizable.strings */,
			);
			name = es.lproj;
			sourceTree = "<group>";
		};
		DCBF864614EF9C17003410CC /* icons */ = {
			isa = PBXGroup;
			children = (
				DCBF866F14EFACCB003410CC /* icon.png */,
				DCBF867014EFACCB003410CC /* icon-72.png */,
				DCBF867114EFACCB003410CC /* icon@2x.png */,
			);
			name = icons;
			sourceTree = "<group>";
		};
		DCBF864D14EF9C17003410CC /* splash */ = {
			isa = PBXGroup;
			children = (
				DCBF864E14EF9C17003410CC /* Default.png */,
				DCBF865014EF9C17003410CC /* Default@2x.png */,
			);
			name = splash;
			sourceTree = "<group>";
		};
		DCBF865614EF9C17003410CC /* Classes */ = {
			isa = PBXGroup;
			children = (
				DCBF865714EF9C17003410CC /* AppDelegate.h */,
				DCBF865814EF9C17003410CC /* AppDelegate.m */,
				DCBF865A14EF9C17003410CC /* MainViewController.h */,
				DCBF865B14EF9C17003410CC /* MainViewController.m */,
			);
			name = Classes;
			sourceTree = "<group>";
		};
		DCBF865F14EF9C17003410CC /* Plugins */ = {
			isa = PBXGroup;
			children = (
				DCBF866014EF9C17003410CC /* README */,
			);
			name = Plugins;
			sourceTree = "<group>";
		};
/* End PBXGroup section */

/* Begin PBXNativeTarget section */
		DCBF861314EF9C17003410CC /* Voxxrin */ = {
			isa = PBXNativeTarget;
			buildConfigurationList = DCBF866314EF9C17003410CC /* Build configuration list for PBXNativeTarget "Voxxrin" */;
			buildPhases = (
				DCBF860D14EF9C17003410CC /* Sources */,
				DCBF860E14EF9C17003410CC /* Frameworks */,
				DCBF860F14EF9C17003410CC /* Resources */,
				DCBF861014EF9C17003410CC /* Sources */,
				DCBF861114EF9C17003410CC /* Frameworks */,
				DCBF861214EF9C17003410CC /* ShellScript */,
			);
			buildRules = (
			);
			dependencies = (
			);
			name = Voxxrin;
			productName = Voxxrin;
			productReference = DCBF861414EF9C17003410CC /* Voxxrin.app */;
			productType = "com.apple.product-type.application";
		};
/* End PBXNativeTarget section */

/* Begin PBXProject section */
		DCBF860814EF9C17003410CC /* Project object */ = {
			isa = PBXProject;
			attributes = {
				LastUpgradeCheck = 0430;
				ORGANIZATIONNAME = "4SH FRANCE";
			};
			buildConfigurationList = DCBF860B14EF9C17003410CC /* Build configuration list for PBXProject "Voxxrin" */;
			compatibilityVersion = "Xcode 3.2";
			developmentRegion = English;
			hasScannedForEncodings = 0;
			knownRegions = (
				en,
				es,
			);
			mainGroup = DCBF860614EF9C17003410CC;
			productRefGroup = DCBF861514EF9C17003410CC /* Products */;
			projectDirPath = "";
			projectRoot = "";
			targets = (
				DCBF861314EF9C17003410CC /* Voxxrin */,
			);
		};
/* End PBXProject section */

/* Begin PBXResourcesBuildPhase section */
		DCBF860F14EF9C17003410CC /* Resources */ = {
			isa = PBXResourcesBuildPhase;
			buildActionMask = 2147483647;
			files = (
				DCBF863714EF9C17003410CC /* InfoPlist.strings in Resources */,
				DCBF864114EF9C17003410CC /* Localizable.strings in Resources */,
				DCBF864514EF9C17003410CC /* Localizable.strings in Resources */,
				DCBF864F14EF9C17003410CC /* Default.png in Resources */,
				DCBF865114EF9C17003410CC /* Default@2x.png in Resources */,
				DCBF865314EF9C17003410CC /* Capture.bundle in Resources */,
				DCBF865514EF9C17003410CC /* PhoneGap.plist in Resources */,
				DCBF865E14EF9C17003410CC /* MainViewController.xib in Resources */,
				DCBF866E14EF9EAB003410CC /* www in Resources */,
				DCBF867214EFACCB003410CC /* icon.png in Resources */,
				DCBF867314EFACCB003410CC /* icon-72.png in Resources */,
				DCBF867414EFACCB003410CC /* icon@2x.png in Resources */,
			);
			runOnlyForDeploymentPostprocessing = 0;
		};
/* End PBXResourcesBuildPhase section */

/* Begin PBXShellScriptBuildPhase section */
		DCBF861214EF9C17003410CC /* ShellScript */ = {
			isa = PBXShellScriptBuildPhase;
			buildActionMask = 2147483647;
			files = (
			);
			inputPaths = (
			);
			outputPaths = (
			);
			runOnlyForDeploymentPostprocessing = 0;
			shellPath = /bin/bash;
			shellScript = "\n\t\t\t\t\t\t\t\tif [ ! -d \"$PROJECT_DIR/www\" ] ; then\n\t\t\t\t\t\t\t\t\tcp -R /Users/Shared/PhoneGap/Frameworks/PhoneGap.framework/www \"$PROJECT_DIR\"\n\t\t\t\t\t\t\t\tfi\n\t\t\t\t\t\t\t\t# detect www folder reference in project, if missing, print warning\n\t\t\t\t\t\t\t\tgrep \"{isa = PBXFileReference; lastKnownFileType = folder; path = www; sourceTree = \\\"<group>\\\"; };\" \"$PROJECT_DIR/$PROJECT_NAME.xcodeproj/project.pbxproj\"\n\t\t\t\t\t\t\t\trc=$? \n\t\t\t\t\t\t\t\tif [ $rc != 0 ] ; then\n\t\t\t\t\t\t\t\techo -e \"warning: Missing - Add $PROJECT_DIR/www as a folder reference in your project. Just drag and drop the folder into your project, into the Project Navigator of Xcode 4. Make sure you select the second radio-button: 'Create folder references for any added folders' (which will create a blue folder)\" 1>&2\n\t\t\t\t\t\t\t\tfi\t\t\t\t\t\t\t";
		};
/* End PBXShellScriptBuildPhase section */

/* Begin PBXSourcesBuildPhase section */
		DCBF860D14EF9C17003410CC /* Sources */ = {
			isa = PBXSourcesBuildPhase;
			buildActionMask = 2147483647;
			files = (
				DCBF863914EF9C17003410CC /* main.m in Sources */,
				DCBF865914EF9C17003410CC /* AppDelegate.m in Sources */,
				DCBF865C14EF9C17003410CC /* MainViewController.m in Sources */,
			);
			runOnlyForDeploymentPostprocessing = 0;
		};
		DCBF861014EF9C17003410CC /* Sources */ = {
			isa = PBXSourcesBuildPhase;
			buildActionMask = 2147483647;
			files = (
			);
			runOnlyForDeploymentPostprocessing = 0;
		};
/* End PBXSourcesBuildPhase section */

/* Begin PBXVariantGroup section */
		DCBF863514EF9C17003410CC /* InfoPlist.strings */ = {
			isa = PBXVariantGroup;
			children = (
				DCBF863614EF9C17003410CC /* en */,
			);
			name = InfoPlist.strings;
			sourceTree = "<group>";
		};
		DCBF863F14EF9C17003410CC /* Localizable.strings */ = {
			isa = PBXVariantGroup;
			children = (
				DCBF864014EF9C17003410CC /* en */,
			);
			name = Localizable.strings;
			sourceTree = "<group>";
		};
		DCBF864314EF9C17003410CC /* Localizable.strings */ = {
			isa = PBXVariantGroup;
			children = (
				DCBF864414EF9C17003410CC /* es */,
			);
			name = Localizable.strings;
			sourceTree = "<group>";
		};
/* End PBXVariantGroup section */

/* Begin XCBuildConfiguration section */
		DCBF866114EF9C17003410CC /* Debug */ = {
			isa = XCBuildConfiguration;
			buildSettings = {
				ALWAYS_SEARCH_USER_PATHS = NO;
				ARCHS = "$(ARCHS_STANDARD_32_BIT)";
				CLANG_ENABLE_OBJC_ARC = YES;
				"CODE_SIGN_IDENTITY[sdk=iphoneos*]" = "iPhone Developer";
				COPY_PHASE_STRIP = NO;
				GCC_C_LANGUAGE_STANDARD = gnu99;
				GCC_DYNAMIC_NO_PIC = NO;
				GCC_OPTIMIZATION_LEVEL = 0;
				GCC_PREPROCESSOR_DEFINITIONS = (
					"DEBUG=1",
					"$(inherited)",
				);
				GCC_SYMBOLS_PRIVATE_EXTERN = NO;
				GCC_VERSION = com.apple.compilers.llvmgcc42;
				GCC_WARN_ABOUT_RETURN_TYPE = YES;
				GCC_WARN_UNINITIALIZED_AUTOS = YES;
				GCC_WARN_UNUSED_VARIABLE = YES;
				IPHONEOS_DEPLOYMENT_TARGET = 3.0;
				SDKROOT = iphoneos;
			};
			name = Debug;
		};
		DCBF866214EF9C17003410CC /* Release */ = {
			isa = XCBuildConfiguration;
			buildSettings = {
				ALWAYS_SEARCH_USER_PATHS = NO;
				ARCHS = "$(ARCHS_STANDARD_32_BIT)";
				CLANG_ENABLE_OBJC_ARC = YES;
				"CODE_SIGN_IDENTITY[sdk=iphoneos*]" = "iPhone Developer";
				COPY_PHASE_STRIP = YES;
				GCC_C_LANGUAGE_STANDARD = gnu99;
				GCC_VERSION = com.apple.compilers.llvmgcc42;
				GCC_WARN_ABOUT_RETURN_TYPE = YES;
				GCC_WARN_UNINITIALIZED_AUTOS = YES;
				GCC_WARN_UNUSED_VARIABLE = YES;
				IPHONEOS_DEPLOYMENT_TARGET = 3.0;
				SDKROOT = iphoneos;
				VALIDATE_PRODUCT = YES;
			};
			name = Release;
		};
		DCBF866414EF9C17003410CC /* Debug */ = {
			isa = XCBuildConfiguration;
			buildSettings = {
				ALWAYS_SEARCH_USER_PATHS = YES;
				COPY_PHASE_STRIP = NO;
				FRAMEWORK_SEARCH_PATHS = /Users/Shared/PhoneGap/Frameworks;
				GCC_DYNAMIC_NO_PIC = NO;
				GCC_PRECOMPILE_PREFIX_HEADER = YES;
				GCC_PREFIX_HEADER = "Voxxrin/Voxxrin-Prefix.pch";
				GCC_PREPROCESSOR_DEFINITIONS = "PHONEGAP_FRAMEWORK=YES";
				INFOPLIST_FILE = "Voxxrin/Voxxrin-Info.plist";
				OTHER_LDFLAGS = (
					"-weak_framework",
					UIKit,
					"-weak_framework",
					AVFoundation,
					"-weak_framework",
					CoreMedia,
					"-weak_library",
					/usr/lib/libSystem.B.dylib,
				);
				PRODUCT_NAME = "$(TARGET_NAME)";
				TARGETED_DEVICE_FAMILY = "1,2";
				WRAPPER_EXTENSION = app;
			};
			name = Debug;
		};
		DCBF866514EF9C17003410CC /* Release */ = {
			isa = XCBuildConfiguration;
			buildSettings = {
				ALWAYS_SEARCH_USER_PATHS = YES;
				COPY_PHASE_STRIP = YES;
				DEBUG_INFORMATION_FORMAT = "dwarf-with-dsym";
				FRAMEWORK_SEARCH_PATHS = /Users/Shared/PhoneGap/Frameworks;
				GCC_PRECOMPILE_PREFIX_HEADER = YES;
				GCC_PREFIX_HEADER = "Voxxrin/Voxxrin-Prefix.pch";
				GCC_PREPROCESSOR_DEFINITIONS = "PHONEGAP_FRAMEWORK=YES";
				INFOPLIST_FILE = "Voxxrin/Voxxrin-Info.plist";
				OTHER_LDFLAGS = (
					"-weak_framework",
					UIKit,
					"-weak_framework",
					AVFoundation,
					"-weak_framework",
					CoreMedia,
					"-weak_library",
					/usr/lib/libSystem.B.dylib,
				);
				PRODUCT_NAME = "$(TARGET_NAME)";
				TARGETED_DEVICE_FAMILY = "1,2";
				VALIDATE_PRODUCT = YES;
				WRAPPER_EXTENSION = app;
			};
			name = Release;
		};
/* End XCBuildConfiguration section */

/* Begin XCConfigurationList section */
		DCBF860B14EF9C17003410CC /* Build configuration list for PBXProject "Voxxrin" */ = {
			isa = XCConfigurationList;
			buildConfigurations = (
				DCBF866114EF9C17003410CC /* Debug */,
				DCBF866214EF9C17003410CC /* Release */,
			);
			defaultConfigurationIsVisible = 0;
			defaultConfigurationName = Release;
		};
		DCBF866314EF9C17003410CC /* Build configuration list for PBXNativeTarget "Voxxrin" */ = {
			isa = XCConfigurationList;
			buildConfigurations = (
				DCBF866414EF9C17003410CC /* Debug */,
				DCBF866514EF9C17003410CC /* Release */,
			);
			defaultConfigurationIsVisible = 0;
			defaultConfigurationName = Release;
		};
/* End XCConfigurationList section */
	};
	rootObject = DCBF860814EF9C17003410CC /* Project object */;
}
